
Microsoft Visual Studio Solution File, Format Version 12.00
# Visual Studio Version 17
VisualStudioVersion = 17.9.34701.34
MinimumVisualStudioVersion = 10.0.40219.1
Project("{FAE04EC0-301F-11D3-BF4B-00C04F79EFBC}") = "AspIdentityApp", "AspIdentityApp\AspIdentityApp.csproj", "{BDD68EEE-76AF-4455-AB3A-857E798C4F68}"
EndProject
Global
	GlobalSection(SolutionConfigurationPlatforms) = preSolution
		Debug|Any CPU = Debug|Any CPU
		Release|Any CPU = Release|Any CPU
	EndGlobalSection
	GlobalSection(ProjectConfigurationPlatforms) = postSolution
		{BDD68EEE-76AF-4455-AB3A-857E798C4F68}.Debug|Any CPU.ActiveCfg = Debug|Any CPU
		{BDD68EEE-76AF-4455-AB3A-857E798C4F68}.Debug|Any CPU.Build.0 = Debug|Any CPU
		{BDD68EEE-76AF-4455-AB3A-857E798C4F68}.Release|Any CPU.ActiveCfg = Release|Any CPU
		{BDD68EEE-76AF-4455-AB3A-857E798C4F68}.Release|Any CPU.Build.0 = Release|Any CPU
	EndGlobalSection
	GlobalSection(SolutionProperties) = preSolution
		HideSolutionNode = FALSE
	EndGlobalSection
	GlobalSection(ExtensibilityGlobals) = postSolution
		SolutionGuid = {DDA72F42-6D20-4815-979C-A27DDB46444C}
	EndGlobalSection
EndGlobal
